
Microsoft Visual Studio Solution File, Format Version 12.00
# Visual Studio Version 17
VisualStudioVersion = 17.4.33213.308
MinimumVisualStudioVersion = 10.0.40219.1
Project("{FAE04EC0-301F-11D3-BF4B-00C04F79EFBC}") = "EverythingRichPresence", "EverythingRichPresence.csproj", "{221B75A7-737E-495B-AC0F-E116ADD02E68}"
EndProject
Global
	GlobalSection(SolutionConfigurationPlatforms) = preSolution
		Debug|Any CPU = Debug|Any CPU
		Release|Any CPU = Release|Any CPU
	EndGlobalSection
	GlobalSection(ProjectConfigurationPlatforms) = postSolution
		{221B75A7-737E-495B-AC0F-E116ADD02E68}.Debug|Any CPU.ActiveCfg = Debug|Any CPU
		{221B75A7-737E-495B-AC0F-E116ADD02E68}.Debug|Any CPU.Build.0 = Debug|Any CPU
		{221B75A7-737E-495B-AC0F-E116ADD02E68}.Release|Any CPU.ActiveCfg = Release|Any CPU
		{221B75A7-737E-495B-AC0F-E116ADD02E68}.Release|Any CPU.Build.0 = Release|Any CPU
	EndGlobalSection
	GlobalSection(SolutionProperties) = preSolution
		HideSolutionNode = FALSE
	EndGlobalSection
	GlobalSection(ExtensibilityGlobals) = postSolution
		SolutionGuid = {CFCA440C-323D-4D28-9917-C9D640BC09F6}
	EndGlobalSection
EndGlobal
